
Microsoft Visual Studio Solution File, Format Version 12.00
# Visual Studio Version 17
VisualStudioVersion = 17.3.32929.385
MinimumVisualStudioVersion = 10.0.40219.1
Project("{8BC9CEB8-8B4A-11D0-8D11-00A0C91BC942}") = "Ergasia-oop", "Ergasia-oop\Ergasia-oop.vcxproj", "{113F7DAA-2D46-4616-9101-6A41C7773DA0}"
EndProject
Global
	GlobalSection(SolutionConfigurationPlatforms) = preSolution
		Debug|x64 = Debug|x64
		Debug|x86 = Debug|x86
		Release|x64 = Release|x64
		Release|x86 = Release|x86
	EndGlobalSection
	GlobalSection(ProjectConfigurationPlatforms) = postSolution
		{113F7DAA-2D46-4616-9101-6A41C7773DA0}.Debug|x64.ActiveCfg = Debug|x64
		{113F7DAA-2D46-4616-9101-6A41C7773DA0}.Debug|x64.Build.0 = Debug|x64
		{113F7DAA-2D46-4616-9101-6A41C7773DA0}.Debug|x86.ActiveCfg = Debug|Win32
		{113F7DAA-2D46-4616-9101-6A41C7773DA0}.Debug|x86.Build.0 = Debug|Win32
		{113F7DAA-2D46-4616-9101-6A41C7773DA0}.Release|x64.ActiveCfg = Release|x64
		{113F7DAA-2D46-4616-9101-6A41C7773DA0}.Release|x64.Build.0 = Release|x64
		{113F7DAA-2D46-4616-9101-6A41C7773DA0}.Release|x86.ActiveCfg = Release|Win32
		{113F7DAA-2D46-4616-9101-6A41C7773DA0}.Release|x86.Build.0 = Release|Win32
	EndGlobalSection
	GlobalSection(SolutionProperties) = preSolution
		HideSolutionNode = FALSE
	EndGlobalSection
	GlobalSection(ExtensibilityGlobals) = postSolution
		SolutionGuid = {B0045794-9B12-4DBF-A751-420ACAA7FD89}
	EndGlobalSection
EndGlobal
